// !$*UTF8*$!
{
	archiveVersion = 1;
	classes = {
	};
	objectVersion = 56;
	objects = {

/* Begin PBXBuildFile section */
		913A140D2A6ECA1F0040162D /* main.m in Sources */ = {isa = PBXBuildFile; fileRef = 913A140C2A6ECA1F0040162D /* main.m */; };
		913A14152A6ED35F0040162D /* Fraction.m in Sources */ = {isa = PBXBuildFile; fileRef = 913A14142A6ED35F0040162D /* Fraction.m */; };
		9157C2062A7165BD00087CDE /* main.m in Sources */ = {isa = PBXBuildFile; fileRef = 9157C2052A7165BD00087CDE /* main.m */; };
		9157C20B2A71677500087CDE /* HMDog.m in Sources */ = {isa = PBXBuildFile; fileRef = 9157C20A2A71677500087CDE /* HMDog.m */; };
		9157C20E2A716A2200087CDE /* HMPerson.m in Sources */ = {isa = PBXBuildFile; fileRef = 9157C20D2A716A2200087CDE /* HMPerson.m */; };
		9157C2112A7178B600087CDE /* HMQuanQuan.m in Sources */ = {isa = PBXBuildFile; fileRef = 9157C2102A7178B600087CDE /* HMQuanQuan.m */; };
/* End PBXBuildFile section */

/* Begin PBXCopyFilesBuildPhase section */
		913A14072A6ECA1F0040162D /* CopyFiles */ = {
			isa = PBXCopyFilesBuildPhase;
			buildActionMask = 2147483647;
			dstPath = /usr/share/man/man1/;
			dstSubfolderSpec = 0;
			files = (
			);
			runOnlyForDeploymentPostprocessing = 1;
		};
		9157C2012A7165BD00087CDE /* CopyFiles */ = {
			isa = PBXCopyFilesBuildPhase;
			buildActionMask = 2147483647;
			dstPath = /usr/share/man/man1/;
			dstSubfolderSpec = 0;
			files = (
			);
			runOnlyForDeploymentPostprocessing = 1;
		};
/* End PBXCopyFilesBuildPhase section */

/* Begin PBXFileReference section */
		913A14092A6ECA1F0040162D /*  iOS-ramp-up */ = {isa = PBXFileReference; explicitFileType = "compiled.mach-o.executable"; includeInIndex = 0; path = " iOS-ramp-up"; sourceTree = BUILT_PRODUCTS_DIR; };
		913A140C2A6ECA1F0040162D /* main.m */ = {isa = PBXFileReference; lastKnownFileType = sourcecode.c.objc; path = main.m; sourceTree = "<group>"; };
		913A14132A6ED34F0040162D /* Fraction.h */ = {isa = PBXFileReference; lastKnownFileType = sourcecode.c.h; path = Fraction.h; sourceTree = "<group>"; };
		913A14142A6ED35F0040162D /* Fraction.m */ = {isa = PBXFileReference; lastKnownFileType = sourcecode.c.objc; path = Fraction.m; sourceTree = "<group>"; };
		9157C2032A7165BD00087CDE /* 对象作为类的属性 */ = {isa = PBXFileReference; explicitFileType = "compiled.mach-o.executable"; includeInIndex = 0; path = "对象作为类的属性"; sourceTree = BUILT_PRODUCTS_DIR; };
		9157C2052A7165BD00087CDE /* main.m */ = {isa = PBXFileReference; lastKnownFileType = sourcecode.c.objc; path = main.m; sourceTree = "<group>"; };
		9157C20A2A71677500087CDE /* HMDog.m */ = {isa = PBXFileReference; lastKnownFileType = sourcecode.c.objc; path = HMDog.m; sourceTree = "<group>"; };
		9157C20C2A71683A00087CDE /* HMDog.h */ = {isa = PBXFileReference; lastKnownFileType = sourcecode.c.h; path = HMDog.h; sourceTree = "<group>"; };
		9157C20D2A716A2200087CDE /* HMPerson.m */ = {isa = PBXFileReference; lastKnownFileType = sourcecode.c.objc; path = HMPerson.m; sourceTree = "<group>"; };
		9157C20F2A716A2C00087CDE /* HMPerson.h */ = {isa = PBXFileReference; lastKnownFileType = sourcecode.c.h; path = HMPerson.h; sourceTree = "<group>"; };
		9157C2102A7178B600087CDE /* HMQuanQuan.m */ = {isa = PBXFileReference; lastKnownFileType = sourcecode.c.objc; path = HMQuanQuan.m; sourceTree = "<group>"; };
		9157C2122A7178C800087CDE /* HMQuanQuan.h */ = {isa = PBXFileReference; lastKnownFileType = sourcecode.c.h; path = HMQuanQuan.h; sourceTree = "<group>"; };
/* End PBXFileReference section */

/* Begin PBXFrameworksBuildPhase section */
		913A14062A6ECA1F0040162D /* Frameworks */ = {
			isa = PBXFrameworksBuildPhase;
			buildActionMask = 2147483647;
			files = (
			);
			runOnlyForDeploymentPostprocessing = 0;
		};
		9157C2002A7165BD00087CDE /* Frameworks */ = {
			isa = PBXFrameworksBuildPhase;
			buildActionMask = 2147483647;
			files = (
			);
			runOnlyForDeploymentPostprocessing = 0;
		};
/* End PBXFrameworksBuildPhase section */

/* Begin PBXGroup section */
		913A14002A6ECA1F0040162D = {
			isa = PBXGroup;
			children = (
				913A140B2A6ECA1F0040162D /* Fraction */,
				9157C2042A7165BD00087CDE /* 对象作为类的属性 */,
				913A140A2A6ECA1F0040162D /* Products */,
			);
			sourceTree = "<group>";
		};
		913A140A2A6ECA1F0040162D /* Products */ = {
			isa = PBXGroup;
			children = (
				913A14092A6ECA1F0040162D /*  iOS-ramp-up */,
				9157C2032A7165BD00087CDE /* 对象作为类的属性 */,
			);
			name = Products;
			sourceTree = "<group>";
		};
		913A140B2A6ECA1F0040162D /* Fraction */ = {
			isa = PBXGroup;
			children = (
				913A140C2A6ECA1F0040162D /* main.m */,
				913A14132A6ED34F0040162D /* Fraction.h */,
				913A14142A6ED35F0040162D /* Fraction.m */,
			);
			path = Fraction;
			sourceTree = "<group>";
		};
		9157C2042A7165BD00087CDE /* 对象作为类的属性 */ = {
			isa = PBXGroup;
			children = (
				9157C2052A7165BD00087CDE /* main.m */,
				9157C2102A7178B600087CDE /* HMQuanQuan.m */,
				9157C20A2A71677500087CDE /* HMDog.m */,
				9157C20C2A71683A00087CDE /* HMDog.h */,
				9157C20D2A716A2200087CDE /* HMPerson.m */,
				9157C20F2A716A2C00087CDE /* HMPerson.h */,
				9157C2122A7178C800087CDE /* HMQuanQuan.h */,
			);
			path = "对象作为类的属性";
			sourceTree = "<group>";
		};
/* End PBXGroup section */

/* Begin PBXNativeTarget section */
		913A14082A6ECA1F0040162D /*  iOS-ramp-up */ = {
			isa = PBXNativeTarget;
			buildConfigurationList = 913A14102A6ECA1F0040162D /* Build configuration list for PBXNativeTarget " iOS-ramp-up" */;
			buildPhases = (
				913A14052A6ECA1F0040162D /* Sources */,
				913A14062A6ECA1F0040162D /* Frameworks */,
				913A14072A6ECA1F0040162D /* CopyFiles */,
			);
			buildRules = (
			);
			dependencies = (
			);
			name = " iOS-ramp-up";
			productName = Fraction;
			productReference = 913A14092A6ECA1F0040162D /*  iOS-ramp-up */;
			productType = "com.apple.product-type.tool";
		};
		9157C2022A7165BD00087CDE /* 对象作为类的属性 */ = {
			isa = PBXNativeTarget;
			buildConfigurationList = 9157C2092A7165BD00087CDE /* Build configuration list for PBXNativeTarget "对象作为类的属性" */;
			buildPhases = (
				9157C1FF2A7165BD00087CDE /* Sources */,
				9157C2002A7165BD00087CDE /* Frameworks */,
				9157C2012A7165BD00087CDE /* CopyFiles */,
			);
			buildRules = (
			);
			dependencies = (
			);
			name = "对象作为类的属性";
			productName = "对象作为类的属性";
			productReference = 9157C2032A7165BD00087CDE /* 对象作为类的属性 */;
			productType = "com.apple.product-type.tool";
		};
/* End PBXNativeTarget section */

/* Begin PBXProject section */
		913A14012A6ECA1F0040162D /* Project object */ = {
			isa = PBXProject;
			attributes = {
				BuildIndependentTargetsInParallel = 1;
				LastUpgradeCheck = 1430;
				TargetAttributes = {
					913A14082A6ECA1F0040162D = {
						CreatedOnToolsVersion = 14.3.1;
					};
					9157C2022A7165BD00087CDE = {
						CreatedOnToolsVersion = 14.3.1;
					};
				};
			};
			buildConfigurationList = 913A14042A6ECA1F0040162D /* Build configuration list for PBXProject " iOS-ramp-up" */;
			compatibilityVersion = "Xcode 14.0";
			developmentRegion = en;
			hasScannedForEncodings = 0;
			knownRegions = (
				en,
				Base,
			);
			mainGroup = 913A14002A6ECA1F0040162D;
			productRefGroup = 913A140A2A6ECA1F0040162D /* Products */;
			projectDirPath = "";
			projectRoot = "";
			targets = (
				913A14082A6ECA1F0040162D /*  iOS-ramp-up */,
				9157C2022A7165BD00087CDE /* 对象作为类的属性 */,
			);
		};
/* End PBXProject section */

/* Begin PBXSourcesBuildPhase section */
		913A14052A6ECA1F0040162D /* Sources */ = {
			isa = PBXSourcesBuildPhase;
			buildActionMask = 2147483647;
			files = (
				913A140D2A6ECA1F0040162D /* main.m in Sources */,
				913A14152A6ED35F0040162D /* Fraction.m in Sources */,
			);
			runOnlyForDeploymentPostprocessing = 0;
		};
		9157C1FF2A7165BD00087CDE /* Sources */ = {
			isa = PBXSourcesBuildPhase;
			buildActionMask = 2147483647;
			files = (
				9157C2062A7165BD00087CDE /* main.m in Sources */,
				9157C20E2A716A2200087CDE /* HMPerson.m in Sources */,
				9157C2112A7178B600087CDE /* HMQuanQuan.m in Sources */,
				9157C20B2A71677500087CDE /* HMDog.m in Sources */,
			);
			runOnlyForDeploymentPostprocessing = 0;
		};
/* End PBXSourcesBuildPhase section */

/* Begin XCBuildConfiguration section */
		913A140E2A6ECA1F0040162D /* Debug */ = {
			isa = XCBuildConfiguration;
			buildSettings = {
				ALWAYS_SEARCH_USER_PATHS = NO;
				CLANG_ANALYZER_NONNULL = YES;
				CLANG_ANALYZER_NUMBER_OBJECT_CONVERSION = YES_AGGRESSIVE;
				CLANG_CXX_LANGUAGE_STANDARD = "gnu++20";
				CLANG_ENABLE_MODULES = YES;
				CLANG_ENABLE_OBJC_ARC = YES;
				CLANG_ENABLE_OBJC_WEAK = YES;
				CLANG_WARN_BLOCK_CAPTURE_AUTORELEASING = YES;
				CLANG_WARN_BOOL_CONVERSION = YES;
				CLANG_WARN_COMMA = YES;
				CLANG_WARN_CONSTANT_CONVERSION = YES;
				CLANG_WARN_DEPRECATED_OBJC_IMPLEMENTATIONS = YES;
				CLANG_WARN_DIRECT_OBJC_ISA_USAGE = YES_ERROR;
				CLANG_WARN_DOCUMENTATION_COMMENTS = YES;
				CLANG_WARN_EMPTY_BODY = YES;
				CLANG_WARN_ENUM_CONVERSION = YES;
				CLANG_WARN_INFINITE_RECURSION = YES;
				CLANG_WARN_INT_CONVERSION = YES;
				CLANG_WARN_NON_LITERAL_NULL_CONVERSION = YES;
				CLANG_WARN_OBJC_IMPLICIT_RETAIN_SELF = YES;
				CLANG_WARN_OBJC_LITERAL_CONVERSION = YES;
				CLANG_WARN_OBJC_ROOT_CLASS = YES_ERROR;
				CLANG_WARN_QUOTED_INCLUDE_IN_FRAMEWORK_HEADER = YES;
				CLANG_WARN_RANGE_LOOP_ANALYSIS = YES;
				CLANG_WARN_STRICT_PROTOTYPES = YES;
				CLANG_WARN_SUSPICIOUS_MOVE = YES;
				CLANG_WARN_UNGUARDED_AVAILABILITY = YES_AGGRESSIVE;
				CLANG_WARN_UNREACHABLE_CODE = YES;
				CLANG_WARN__DUPLICATE_METHOD_MATCH = YES;
				COPY_PHASE_STRIP = NO;
				DEBUG_INFORMATION_FORMAT = dwarf;
				ENABLE_STRICT_OBJC_MSGSEND = YES;
				ENABLE_TESTABILITY = YES;
				GCC_C_LANGUAGE_STANDARD = gnu11;
				GCC_DYNAMIC_NO_PIC = NO;
				GCC_NO_COMMON_BLOCKS = YES;
				GCC_OPTIMIZATION_LEVEL = 0;
				GCC_PREPROCESSOR_DEFINITIONS = (
					"DEBUG=1",
					"$(inherited)",
				);
				GCC_WARN_64_TO_32_BIT_CONVERSION = YES;
				GCC_WARN_ABOUT_RETURN_TYPE = YES_ERROR;
				GCC_WARN_UNDECLARED_SELECTOR = YES;
				GCC_WARN_UNINITIALIZED_AUTOS = YES_AGGRESSIVE;
				GCC_WARN_UNUSED_FUNCTION = YES;
				GCC_WARN_UNUSED_VARIABLE = YES;
				MACOSX_DEPLOYMENT_TARGET = 13.3;
				MTL_ENABLE_DEBUG_INFO = INCLUDE_SOURCE;
				MTL_FAST_MATH = YES;
				ONLY_ACTIVE_ARCH = YES;
				SDKROOT = macosx;
			};
			name = Debug;
		};
		913A140F2A6ECA1F0040162D /* Release */ = {
			isa = XCBuildConfiguration;
			buildSettings = {
				ALWAYS_SEARCH_USER_PATHS = NO;
				CLANG_ANALYZER_NONNULL = YES;
				CLANG_ANALYZER_NUMBER_OBJECT_CONVERSION = YES_AGGRESSIVE;
				CLANG_CXX_LANGUAGE_STANDARD = "gnu++20";
				CLANG_ENABLE_MODULES = YES;
				CLANG_ENABLE_OBJC_ARC = YES;
				CLANG_ENABLE_OBJC_WEAK = YES;
				CLANG_WARN_BLOCK_CAPTURE_AUTORELEASING = YES;
				CLANG_WARN_BOOL_CONVERSION = YES;
				CLANG_WARN_COMMA = YES;
				CLANG_WARN_CONSTANT_CONVERSION = YES;
				CLANG_WARN_DEPRECATED_OBJC_IMPLEMENTATIONS = YES;
				CLANG_WARN_DIRECT_OBJC_ISA_USAGE = YES_ERROR;
				CLANG_WARN_DOCUMENTATION_COMMENTS = YES;
				CLANG_WARN_EMPTY_BODY = YES;
				CLANG_WARN_ENUM_CONVERSION = YES;
				CLANG_WARN_INFINITE_RECURSION = YES;
				CLANG_WARN_INT_CONVERSION = YES;
				CLANG_WARN_NON_LITERAL_NULL_CONVERSION = YES;
				CLANG_WARN_OBJC_IMPLICIT_RETAIN_SELF = YES;
				CLANG_WARN_OBJC_LITERAL_CONVERSION = YES;
				CLANG_WARN_OBJC_ROOT_CLASS = YES_ERROR;
				CLANG_WARN_QUOTED_INCLUDE_IN_FRAMEWORK_HEADER = YES;
				CLANG_WARN_RANGE_LOOP_ANALYSIS = YES;
				CLANG_WARN_STRICT_PROTOTYPES = YES;
				CLANG_WARN_SUSPICIOUS_MOVE = YES;
				CLANG_WARN_UNGUARDED_AVAILABILITY = YES_AGGRESSIVE;
				CLANG_WARN_UNREACHABLE_CODE = YES;
				CLANG_WARN__DUPLICATE_METHOD_MATCH = YES;
				COPY_PHASE_STRIP = NO;
				DEBUG_INFORMATION_FORMAT = "dwarf-with-dsym";
				ENABLE_NS_ASSERTIONS = NO;
				ENABLE_STRICT_OBJC_MSGSEND = YES;
				GCC_C_LANGUAGE_STANDARD = gnu11;
				GCC_NO_COMMON_BLOCKS = YES;
				GCC_WARN_64_TO_32_BIT_CONVERSION = YES;
				GCC_WARN_ABOUT_RETURN_TYPE = YES_ERROR;
				GCC_WARN_UNDECLARED_SELECTOR = YES;
				GCC_WARN_UNINITIALIZED_AUTOS = YES_AGGRESSIVE;
				GCC_WARN_UNUSED_FUNCTION = YES;
				GCC_WARN_UNUSED_VARIABLE = YES;
				MACOSX_DEPLOYMENT_TARGET = 13.3;
				MTL_ENABLE_DEBUG_INFO = NO;
				MTL_FAST_MATH = YES;
				SDKROOT = macosx;
			};
			name = Release;
		};
		913A14112A6ECA1F0040162D /* Debug */ = {
			isa = XCBuildConfiguration;
			buildSettings = {
				CODE_SIGN_STYLE = Automatic;
				PRODUCT_NAME = "$(TARGET_NAME)";
			};
			name = Debug;
		};
		913A14122A6ECA1F0040162D /* Release */ = {
			isa = XCBuildConfiguration;
			buildSettings = {
				CODE_SIGN_STYLE = Automatic;
				PRODUCT_NAME = "$(TARGET_NAME)";
			};
			name = Release;
		};
		9157C2072A7165BD00087CDE /* Debug */ = {
			isa = XCBuildConfiguration;
			buildSettings = {
				CODE_SIGN_STYLE = Automatic;
				PRODUCT_NAME = "$(TARGET_NAME)";
			};
			name = Debug;
		};
		9157C2082A7165BD00087CDE /* Release */ = {
			isa = XCBuildConfiguration;
			buildSettings = {
				CODE_SIGN_STYLE = Automatic;
				PRODUCT_NAME = "$(TARGET_NAME)";
			};
			name = Release;
		};
/* End XCBuildConfiguration section */

/* Begin XCConfigurationList section */
		913A14042A6ECA1F0040162D /* Build configuration list for PBXProject " iOS-ramp-up" */ = {
			isa = XCConfigurationList;
			buildConfigurations = (
				913A140E2A6ECA1F0040162D /* Debug */,
				913A140F2A6ECA1F0040162D /* Release */,
			);
			defaultConfigurationIsVisible = 0;
			defaultConfigurationName = Release;
		};
		913A14102A6ECA1F0040162D /* Build configuration list for PBXNativeTarget " iOS-ramp-up" */ = {
			isa = XCConfigurationList;
			buildConfigurations = (
				913A14112A6ECA1F0040162D /* Debug */,
				913A14122A6ECA1F0040162D /* Release */,
			);
			defaultConfigurationIsVisible = 0;
			defaultConfigurationName = Release;
		};
		9157C2092A7165BD00087CDE /* Build configuration list for PBXNativeTarget "对象作为类的属性" */ = {
			isa = XCConfigurationList;
			buildConfigurations = (
				9157C2072A7165BD00087CDE /* Debug */,
				9157C2082A7165BD00087CDE /* Release */,
			);
			defaultConfigurationIsVisible = 0;
			defaultConfigurationName = Release;
		};
/* End XCConfigurationList section */
	};
	rootObject = 913A14012A6ECA1F0040162D /* Project object */;
}
